// !$*UTF8*$!
{
	archiveVersion = 1;
	classes = {
	};
	objectVersion = 55;
	objects = {

/* Begin PBXBuildFile section */
		283201B428FDE38C005A6AD9 /* AppDelegate.swift in Sources */ = {isa = PBXBuildFile; fileRef = 283201B328FDE38C005A6AD9 /* AppDelegate.swift */; };
		283201B628FDE38C005A6AD9 /* SceneDelegate.swift in Sources */ = {isa = PBXBuildFile; fileRef = 283201B528FDE38C005A6AD9 /* SceneDelegate.swift */; };
		283201B828FDE38C005A6AD9 /* ViewController.swift in Sources */ = {isa = PBXBuildFile; fileRef = 283201B728FDE38C005A6AD9 /* ViewController.swift */; };
		283201BB28FDE38C005A6AD9 /* Main.storyboard in Resources */ = {isa = PBXBuildFile; fileRef = 283201B928FDE38C005A6AD9 /* Main.storyboard */; };
		283201BE28FDE38C005A6AD9 /* QuispeColeccionDeJuegos.xcdatamodeld in Sources */ = {isa = PBXBuildFile; fileRef = 283201BC28FDE38C005A6AD9 /* QuispeColeccionDeJuegos.xcdatamodeld */; };
		283201C028FDE38E005A6AD9 /* Assets.xcassets in Resources */ = {isa = PBXBuildFile; fileRef = 283201BF28FDE38E005A6AD9 /* Assets.xcassets */; };
		283201C328FDE38E005A6AD9 /* LaunchScreen.storyboard in Resources */ = {isa = PBXBuildFile; fileRef = 283201C128FDE38E005A6AD9 /* LaunchScreen.storyboard */; };
		283201CB28FDEF6C005A6AD9 /* JuegosViewController.swift in Sources */ = {isa = PBXBuildFile; fileRef = 283201CA28FDEF6C005A6AD9 /* JuegosViewController.swift */; };
/* End PBXBuildFile section */

/* Begin PBXFileReference section */
		283201B028FDE38C005A6AD9 /* QuispeColeccionDeJuegos.app */ = {isa = PBXFileReference; explicitFileType = wrapper.application; includeInIndex = 0; path = QuispeColeccionDeJuegos.app; sourceTree = BUILT_PRODUCTS_DIR; };
		283201B328FDE38C005A6AD9 /* AppDelegate.swift */ = {isa = PBXFileReference; lastKnownFileType = sourcecode.swift; path = AppDelegate.swift; sourceTree = "<group>"; };
		283201B528FDE38C005A6AD9 /* SceneDelegate.swift */ = {isa = PBXFileReference; lastKnownFileType = sourcecode.swift; path = SceneDelegate.swift; sourceTree = "<group>"; };
		283201B728FDE38C005A6AD9 /* ViewController.swift */ = {isa = PBXFileReference; lastKnownFileType = sourcecode.swift; path = ViewController.swift; sourceTree = "<group>"; };
		283201BA28FDE38C005A6AD9 /* Base */ = {isa = PBXFileReference; lastKnownFileType = file.storyboard; name = Base; path = Base.lproj/Main.storyboard; sourceTree = "<group>"; };
		283201BD28FDE38C005A6AD9 /* QuispeColeccionDeJuegos.xcdatamodel */ = {isa = PBXFileReference; lastKnownFileType = wrapper.xcdatamodel; path = QuispeColeccionDeJuegos.xcdatamodel; sourceTree = "<group>"; };
		283201BF28FDE38E005A6AD9 /* Assets.xcassets */ = {isa = PBXFileReference; lastKnownFileType = folder.assetcatalog; path = Assets.xcassets; sourceTree = "<group>"; };
		283201C228FDE38E005A6AD9 /* Base */ = {isa = PBXFileReference; lastKnownFileType = file.storyboard; name = Base; path = Base.lproj/LaunchScreen.storyboard; sourceTree = "<group>"; };
		283201C428FDE38E005A6AD9 /* Info.plist */ = {isa = PBXFileReference; lastKnownFileType = text.plist.xml; path = Info.plist; sourceTree = "<group>"; };
		283201CA28FDEF6C005A6AD9 /* JuegosViewController.swift */ = {isa = PBXFileReference; lastKnownFileType = sourcecode.swift; path = JuegosViewController.swift; sourceTree = "<group>"; };
/* End PBXFileReference section */

/* Begin PBXFrameworksBuildPhase section */
		283201AD28FDE38C005A6AD9 /* Frameworks */ = {
			isa = PBXFrameworksBuildPhase;
			buildActionMask = 2147483647;
			files = (
			);
			runOnlyForDeploymentPostprocessing = 0;
		};
/* End PBXFrameworksBuildPhase section */

/* Begin PBXGroup section */
		283201A728FDE38C005A6AD9 = {
			isa = PBXGroup;
			children = (
				283201B228FDE38C005A6AD9 /* QuispeColeccionDeJuegos */,
				283201B128FDE38C005A6AD9 /* Products */,
			);
			sourceTree = "<group>";
		};
		283201B128FDE38C005A6AD9 /* Products */ = {
			isa = PBXGroup;
			children = (
				283201B028FDE38C005A6AD9 /* QuispeColeccionDeJuegos.app */,
			);
			name = Products;
			sourceTree = "<group>";
		};
		283201B228FDE38C005A6AD9 /* QuispeColeccionDeJuegos */ = {
			isa = PBXGroup;
			children = (
				283201B328FDE38C005A6AD9 /* AppDelegate.swift */,
				283201B528FDE38C005A6AD9 /* SceneDelegate.swift */,
				283201B728FDE38C005A6AD9 /* ViewController.swift */,
				283201B928FDE38C005A6AD9 /* Main.storyboard */,
				283201CA28FDEF6C005A6AD9 /* JuegosViewController.swift */,
				283201BF28FDE38E005A6AD9 /* Assets.xcassets */,
				283201C128FDE38E005A6AD9 /* LaunchScreen.storyboard */,
				283201C428FDE38E005A6AD9 /* Info.plist */,
				283201BC28FDE38C005A6AD9 /* QuispeColeccionDeJuegos.xcdatamodeld */,
			);
			path = QuispeColeccionDeJuegos;
			sourceTree = "<group>";
		};
/* End PBXGroup section */

/* Begin PBXNativeTarget section */
		283201AF28FDE38C005A6AD9 /* QuispeColeccionDeJuegos */ = {
			isa = PBXNativeTarget;
			buildConfigurationList = 283201C728FDE38E005A6AD9 /* Build configuration list for PBXNativeTarget "QuispeColeccionDeJuegos" */;
			buildPhases = (
				283201AC28FDE38C005A6AD9 /* Sources */,
				283201AD28FDE38C005A6AD9 /* Frameworks */,
				283201AE28FDE38C005A6AD9 /* Resources */,
			);
			buildRules = (
			);
			dependencies = (
			);
			name = QuispeColeccionDeJuegos;
			productName = QuispeColeccionDeJuegos;
			productReference = 283201B028FDE38C005A6AD9 /* QuispeColeccionDeJuegos.app */;
			productType = "com.apple.product-type.application";
		};
/* End PBXNativeTarget section */

/* Begin PBXProject section */
		283201A828FDE38C005A6AD9 /* Project object */ = {
			isa = PBXProject;
			attributes = {
				BuildIndependentTargetsInParallel = 1;
				LastSwiftUpdateCheck = 1330;
				LastUpgradeCheck = 1330;
				TargetAttributes = {
					283201AF28FDE38C005A6AD9 = {
						CreatedOnToolsVersion = 13.3;
					};
				};
			};
			buildConfigurationList = 283201AB28FDE38C005A6AD9 /* Build configuration list for PBXProject "QuispeColeccionDeJuegos" */;
			compatibilityVersion = "Xcode 13.0";
			developmentRegion = en;
			hasScannedForEncodings = 0;
			knownRegions = (
				en,
				Base,
			);
			mainGroup = 283201A728FDE38C005A6AD9;
			productRefGroup = 283201B128FDE38C005A6AD9 /* Products */;
			projectDirPath = "";
			projectRoot = "";
			targets = (
				283201AF28FDE38C005A6AD9 /* QuispeColeccionDeJuegos */,
			);
		};
/* End PBXProject section */

/* Begin PBXResourcesBuildPhase section */
		283201AE28FDE38C005A6AD9 /* Resources */ = {
			isa = PBXResourcesBuildPhase;
			buildActionMask = 2147483647;
			files = (
				283201C328FDE38E005A6AD9 /* LaunchScreen.storyboard in Resources */,
				283201C028FDE38E005A6AD9 /* Assets.xcassets in Resources */,
				283201BB28FDE38C005A6AD9 /* Main.storyboard in Resources */,
			);
			runOnlyForDeploymentPostprocessing = 0;
		};
/* End PBXResourcesBuildPhase section */

/* Begin PBXSourcesBuildPhase section */
		283201AC28FDE38C005A6AD9 /* Sources */ = {
			isa = PBXSourcesBuildPhase;
			buildActionMask = 2147483647;
			files = (
				283201CB28FDEF6C005A6AD9 /* JuegosViewController.swift in Sources */,
				283201BE28FDE38C005A6AD9 /* QuispeColeccionDeJuegos.xcdatamodeld in Sources */,
				283201B828FDE38C005A6AD9 /* ViewController.swift in Sources */,
				283201B428FDE38C005A6AD9 /* AppDelegate.swift in Sources */,
				283201B628FDE38C005A6AD9 /* SceneDelegate.swift in Sources */,
			);
			runOnlyForDeploymentPostprocessing = 0;
		};
/* End PBXSourcesBuildPhase section */

/* Begin PBXVariantGroup section */
		283201B928FDE38C005A6AD9 /* Main.storyboard */ = {
			isa = PBXVariantGroup;
			children = (
				283201BA28FDE38C005A6AD9 /* Base */,
			);
			name = Main.storyboard;
			sourceTree = "<group>";
		};
		283201C128FDE38E005A6AD9 /* LaunchScreen.storyboard */ = {
			isa = PBXVariantGroup;
			children = (
				283201C228FDE38E005A6AD9 /* Base */,
			);
			name = LaunchScreen.storyboard;
			sourceTree = "<group>";
		};
/* End PBXVariantGroup section */

/* Begin XCBuildConfiguration section */
		283201C528FDE38E005A6AD9 /* Debug */ = {
			isa = XCBuildConfiguration;
			buildSettings = {
				ALWAYS_SEARCH_USER_PATHS = NO;
				CLANG_ANALYZER_NONNULL = YES;
				CLANG_ANALYZER_NUMBER_OBJECT_CONVERSION = YES_AGGRESSIVE;
				CLANG_CXX_LANGUAGE_STANDARD = "gnu++17";
				CLANG_ENABLE_MODULES = YES;
				CLANG_ENABLE_OBJC_ARC = YES;
				CLANG_ENABLE_OBJC_WEAK = YES;
				CLANG_WARN_BLOCK_CAPTURE_AUTORELEASING = YES;
				CLANG_WARN_BOOL_CONVERSION = YES;
				CLANG_WARN_COMMA = YES;
				CLANG_WARN_CONSTANT_CONVERSION = YES;
				CLANG_WARN_DEPRECATED_OBJC_IMPLEMENTATIONS = YES;
				CLANG_WARN_DIRECT_OBJC_ISA_USAGE = YES_ERROR;
				CLANG_WARN_DOCUMENTATION_COMMENTS = YES;
				CLANG_WARN_EMPTY_BODY = YES;
				CLANG_WARN_ENUM_CONVERSION = YES;
				CLANG_WARN_INFINITE_RECURSION = YES;
				CLANG_WARN_INT_CONVERSION = YES;
				CLANG_WARN_NON_LITERAL_NULL_CONVERSION = YES;
				CLANG_WARN_OBJC_IMPLICIT_RETAIN_SELF = YES;
				CLANG_WARN_OBJC_LITERAL_CONVERSION = YES;
				CLANG_WARN_OBJC_ROOT_CLASS = YES_ERROR;
				CLANG_WARN_QUOTED_INCLUDE_IN_FRAMEWORK_HEADER = YES;
				CLANG_WARN_RANGE_LOOP_ANALYSIS = YES;
				CLANG_WARN_STRICT_PROTOTYPES = YES;
				CLANG_WARN_SUSPICIOUS_MOVE = YES;
				CLANG_WARN_UNGUARDED_AVAILABILITY = YES_AGGRESSIVE;
				CLANG_WARN_UNREACHABLE_CODE = YES;
				CLANG_WARN__DUPLICATE_METHOD_MATCH = YES;
				COPY_PHASE_STRIP = NO;
				DEBUG_INFORMATION_FORMAT = dwarf;
				ENABLE_STRICT_OBJC_MSGSEND = YES;
				ENABLE_TESTABILITY = YES;
				GCC_C_LANGUAGE_STANDARD = gnu11;
				GCC_DYNAMIC_NO_PIC = NO;
				GCC_NO_COMMON_BLOCKS = YES;
				GCC_OPTIMIZATION_LEVEL = 0;
				GCC_PREPROCESSOR_DEFINITIONS = (
					"DEBUG=1",
					"$(inherited)",
				);
				GCC_WARN_64_TO_32_BIT_CONVERSION = YES;
				GCC_WARN_ABOUT_RETURN_TYPE = YES_ERROR;
				GCC_WARN_UNDECLARED_SELECTOR = YES;
				GCC_WARN_UNINITIALIZED_AUTOS = YES_AGGRESSIVE;
				GCC_WARN_UNUSED_FUNCTION = YES;
				GCC_WARN_UNUSED_VARIABLE = YES;
				IPHONEOS_DEPLOYMENT_TARGET = 15.4;
				MTL_ENABLE_DEBUG_INFO = INCLUDE_SOURCE;
				MTL_FAST_MATH = YES;
				ONLY_ACTIVE_ARCH = YES;
				SDKROOT = iphoneos;
				SWIFT_ACTIVE_COMPILATION_CONDITIONS = DEBUG;
				SWIFT_OPTIMIZATION_LEVEL = "-Onone";
			};
			name = Debug;
		};
		283201C628FDE38E005A6AD9 /* Release */ = {
			isa = XCBuildConfiguration;
			buildSettings = {
				ALWAYS_SEARCH_USER_PATHS = NO;
				CLANG_ANALYZER_NONNULL = YES;
				CLANG_ANALYZER_NUMBER_OBJECT_CONVERSION = YES_AGGRESSIVE;
				CLANG_CXX_LANGUAGE_STANDARD = "gnu++17";
				CLANG_ENABLE_MODULES = YES;
				CLANG_ENABLE_OBJC_ARC = YES;
				CLANG_ENABLE_OBJC_WEAK = YES;
				CLANG_WARN_BLOCK_CAPTURE_AUTORELEASING = YES;
				CLANG_WARN_BOOL_CONVERSION = YES;
				CLANG_WARN_COMMA = YES;
				CLANG_WARN_CONSTANT_CONVERSION = YES;
				CLANG_WARN_DEPRECATED_OBJC_IMPLEMENTATIONS = YES;
				CLANG_WARN_DIRECT_OBJC_ISA_USAGE = YES_ERROR;
				CLANG_WARN_DOCUMENTATION_COMMENTS = YES;
				CLANG_WARN_EMPTY_BODY = YES;
				CLANG_WARN_ENUM_CONVERSION = YES;
				CLANG_WARN_INFINITE_RECURSION = YES;
				CLANG_WARN_INT_CONVERSION = YES;
				CLANG_WARN_NON_LITERAL_NULL_CONVERSION = YES;
				CLANG_WARN_OBJC_IMPLICIT_RETAIN_SELF = YES;
				CLANG_WARN_OBJC_LITERAL_CONVERSION = YES;
				CLANG_WARN_OBJC_ROOT_CLASS = YES_ERROR;
				CLANG_WARN_QUOTED_INCLUDE_IN_FRAMEWORK_HEADER = YES;
				CLANG_WARN_RANGE_LOOP_ANALYSIS = YES;
				CLANG_WARN_STRICT_PROTOTYPES = YES;
				CLANG_WARN_SUSPICIOUS_MOVE = YES;
				CLANG_WARN_UNGUARDED_AVAILABILITY = YES_AGGRESSIVE;
				CLANG_WARN_UNREACHABLE_CODE = YES;
				CLANG_WARN__DUPLICATE_METHOD_MATCH = YES;
				COPY_PHASE_STRIP = NO;
				DEBUG_INFORMATION_FORMAT = "dwarf-with-dsym";
				ENABLE_NS_ASSERTIONS = NO;
				ENABLE_STRICT_OBJC_MSGSEND = YES;
				GCC_C_LANGUAGE_STANDARD = gnu11;
				GCC_NO_COMMON_BLOCKS = YES;
				GCC_WARN_64_TO_32_BIT_CONVERSION = YES;
				GCC_WARN_ABOUT_RETURN_TYPE = YES_ERROR;
				GCC_WARN_UNDECLARED_SELECTOR = YES;
				GCC_WARN_UNINITIALIZED_AUTOS = YES_AGGRESSIVE;
				GCC_WARN_UNUSED_FUNCTION = YES;
				GCC_WARN_UNUSED_VARIABLE = YES;
				IPHONEOS_DEPLOYMENT_TARGET = 15.4;
				MTL_ENABLE_DEBUG_INFO = NO;
				MTL_FAST_MATH = YES;
				SDKROOT = iphoneos;
				SWIFT_COMPILATION_MODE = wholemodule;
				SWIFT_OPTIMIZATION_LEVEL = "-O";
				VALIDATE_PRODUCT = YES;
			};
			name = Release;
		};
		283201C828FDE38E005A6AD9 /* Debug */ = {
			isa = XCBuildConfiguration;
			buildSettings = {
				ASSETCATALOG_COMPILER_APPICON_NAME = AppIcon;
				ASSETCATALOG_COMPILER_GLOBAL_ACCENT_COLOR_NAME = AccentColor;
				CODE_SIGN_STYLE = Automatic;
				CURRENT_PROJECT_VERSION = 1;
				GENERATE_INFOPLIST_FILE = YES;
				INFOPLIST_FILE = QuispeColeccionDeJuegos/Info.plist;
				INFOPLIST_KEY_UIApplicationSupportsIndirectInputEvents = YES;
				INFOPLIST_KEY_UILaunchStoryboardName = LaunchScreen;
				INFOPLIST_KEY_UIMainStoryboardFile = Main;
				INFOPLIST_KEY_UISupportedInterfaceOrientations_iPad = "UIInterfaceOrientationPortrait UIInterfaceOrientationPortraitUpsideDown UIInterfaceOrientationLandscapeLeft UIInterfaceOrientationLandscapeRight";
				INFOPLIST_KEY_UISupportedInterfaceOrientations_iPhone = "UIInterfaceOrientationPortrait UIInterfaceOrientationLandscapeLeft UIInterfaceOrientationLandscapeRight";
				LD_RUNPATH_SEARCH_PATHS = (
					"$(inherited)",
					"@executable_path/Frameworks",
				);
				MARKETING_VERSION = 1.0;
				PRODUCT_BUNDLE_IDENTIFIER = deah.com.QuispeColeccionDeJuegos;
				PRODUCT_NAME = "$(TARGET_NAME)";
				SWIFT_EMIT_LOC_STRINGS = YES;
				SWIFT_VERSION = 5.0;
				TARGETED_DEVICE_FAMILY = "1,2";
			};
			name = Debug;
		};
		283201C928FDE38E005A6AD9 /* Release */ = {
			isa = XCBuildConfiguration;
			buildSettings = {
				ASSETCATALOG_COMPILER_APPICON_NAME = AppIcon;
				ASSETCATALOG_COMPILER_GLOBAL_ACCENT_COLOR_NAME = AccentColor;
				CODE_SIGN_STYLE = Automatic;
				CURRENT_PROJECT_VERSION = 1;
				GENERATE_INFOPLIST_FILE = YES;
				INFOPLIST_FILE = QuispeColeccionDeJuegos/Info.plist;
				INFOPLIST_KEY_UIApplicationSupportsIndirectInputEvents = YES;
				INFOPLIST_KEY_UILaunchStoryboardName = LaunchScreen;
				INFOPLIST_KEY_UIMainStoryboardFile = Main;
				INFOPLIST_KEY_UISupportedInterfaceOrientations_iPad = "UIInterfaceOrientationPortrait UIInterfaceOrientationPortraitUpsideDown UIInterfaceOrientationLandscapeLeft UIInterfaceOrientationLandscapeRight";
				INFOPLIST_KEY_UISupportedInterfaceOrientations_iPhone = "UIInterfaceOrientationPortrait UIInterfaceOrientationLandscapeLeft UIInterfaceOrientationLandscapeRight";
				LD_RUNPATH_SEARCH_PATHS = (
					"$(inherited)",
					"@executable_path/Frameworks",
				);
				MARKETING_VERSION = 1.0;
				PRODUCT_BUNDLE_IDENTIFIER = deah.com.QuispeColeccionDeJuegos;
				PRODUCT_NAME = "$(TARGET_NAME)";
				SWIFT_EMIT_LOC_STRINGS = YES;
				SWIFT_VERSION = 5.0;
				TARGETED_DEVICE_FAMILY = "1,2";
			};
			name = Release;
		};
/* End XCBuildConfiguration section */

/* Begin XCConfigurationList section */
		283201AB28FDE38C005A6AD9 /* Build configuration list for PBXProject "QuispeColeccionDeJuegos" */ = {
			isa = XCConfigurationList;
			buildConfigurations = (
				283201C528FDE38E005A6AD9 /* Debug */,
				283201C628FDE38E005A6AD9 /* Release */,
			);
			defaultConfigurationIsVisible = 0;
			defaultConfigurationName = Release;
		};
		283201C728FDE38E005A6AD9 /* Build configuration list for PBXNativeTarget "QuispeColeccionDeJuegos" */ = {
			isa = XCConfigurationList;
			buildConfigurations = (
				283201C828FDE38E005A6AD9 /* Debug */,
				283201C928FDE38E005A6AD9 /* Release */,
			);
			defaultConfigurationIsVisible = 0;
			defaultConfigurationName = Release;
		};
/* End XCConfigurationList section */

/* Begin XCVersionGroup section */
		283201BC28FDE38C005A6AD9 /* QuispeColeccionDeJuegos.xcdatamodeld */ = {
			isa = XCVersionGroup;
			children = (
				283201BD28FDE38C005A6AD9 /* QuispeColeccionDeJuegos.xcdatamodel */,
			);
			currentVersion = 283201BD28FDE38C005A6AD9 /* QuispeColeccionDeJuegos.xcdatamodel */;
			path = QuispeColeccionDeJuegos.xcdatamodeld;
			sourceTree = "<group>";
			versionGroupType = wrapper.xcdatamodel;
		};
/* End XCVersionGroup section */
	};
	rootObject = 283201A828FDE38C005A6AD9 /* Project object */;
}
